// !$*UTF8*$!
{
	archiveVersion = 1;
	classes = {
	};
	objectVersion = 46;
	objects = {

/* Begin PBXBuildFile section */
		968ADD4E1E5F71E200F15735 /* HexTesselation.swift in Sources */ = {isa = PBXBuildFile; fileRef = 968ADD4D1E5F71E200F15735 /* HexTesselation.swift */; };
		96AA7BC31E64EC1400010BD2 /* MasterButton.swift in Sources */ = {isa = PBXBuildFile; fileRef = 96AA7BC21E64EC1400010BD2 /* MasterButton.swift */; };
		96E89DBF1E53968D0066A9DF /* AppDelegate.swift in Sources */ = {isa = PBXBuildFile; fileRef = 96E89DBE1E53968D0066A9DF /* AppDelegate.swift */; };
		96E89DC11E53968D0066A9DF /* ViewController.swift in Sources */ = {isa = PBXBuildFile; fileRef = 96E89DC01E53968D0066A9DF /* ViewController.swift */; };
		96E89DC41E53968D0066A9DF /* Main.storyboard in Resources */ = {isa = PBXBuildFile; fileRef = 96E89DC21E53968D0066A9DF /* Main.storyboard */; };
		96E89DC61E53968D0066A9DF /* Assets.xcassets in Resources */ = {isa = PBXBuildFile; fileRef = 96E89DC51E53968D0066A9DF /* Assets.xcassets */; };
		96E89DC91E53968D0066A9DF /* LaunchScreen.storyboard in Resources */ = {isa = PBXBuildFile; fileRef = 96E89DC71E53968D0066A9DF /* LaunchScreen.storyboard */; };
		96E89DD11E5396A80066A9DF /* HexView.swift in Sources */ = {isa = PBXBuildFile; fileRef = 96E89DD01E5396A80066A9DF /* HexView.swift */; };
/* End PBXBuildFile section */

/* Begin PBXFileReference section */
		968ADD4D1E5F71E200F15735 /* HexTesselation.swift */ = {isa = PBXFileReference; fileEncoding = 4; lastKnownFileType = sourcecode.swift; path = HexTesselation.swift; sourceTree = "<group>"; };
		96AA7BC21E64EC1400010BD2 /* MasterButton.swift */ = {isa = PBXFileReference; fileEncoding = 4; lastKnownFileType = sourcecode.swift; path = MasterButton.swift; sourceTree = "<group>"; };
		96E89DBB1E53968D0066A9DF /* HexView.app */ = {isa = PBXFileReference; explicitFileType = wrapper.application; includeInIndex = 0; path = HexView.app; sourceTree = BUILT_PRODUCTS_DIR; };
		96E89DBE1E53968D0066A9DF /* AppDelegate.swift */ = {isa = PBXFileReference; lastKnownFileType = sourcecode.swift; path = AppDelegate.swift; sourceTree = "<group>"; };
		96E89DC01E53968D0066A9DF /* ViewController.swift */ = {isa = PBXFileReference; lastKnownFileType = sourcecode.swift; path = ViewController.swift; sourceTree = "<group>"; };
		96E89DC31E53968D0066A9DF /* Base */ = {isa = PBXFileReference; lastKnownFileType = file.storyboard; name = Base; path = Base.lproj/Main.storyboard; sourceTree = "<group>"; };
		96E89DC51E53968D0066A9DF /* Assets.xcassets */ = {isa = PBXFileReference; lastKnownFileType = folder.assetcatalog; path = Assets.xcassets; sourceTree = "<group>"; };
		96E89DC81E53968D0066A9DF /* Base */ = {isa = PBXFileReference; lastKnownFileType = file.storyboard; name = Base; path = Base.lproj/LaunchScreen.storyboard; sourceTree = "<group>"; };
		96E89DCA1E53968D0066A9DF /* Info.plist */ = {isa = PBXFileReference; lastKnownFileType = text.plist.xml; path = Info.plist; sourceTree = "<group>"; };
		96E89DD01E5396A80066A9DF /* HexView.swift */ = {isa = PBXFileReference; fileEncoding = 4; lastKnownFileType = sourcecode.swift; path = HexView.swift; sourceTree = SOURCE_ROOT; };
/* End PBXFileReference section */

/* Begin PBXFrameworksBuildPhase section */
		96E89DB81E53968D0066A9DF /* Frameworks */ = {
			isa = PBXFrameworksBuildPhase;
			buildActionMask = 2147483647;
			files = (
			);
			runOnlyForDeploymentPostprocessing = 0;
		};
/* End PBXFrameworksBuildPhase section */

/* Begin PBXGroup section */
		96E89DB21E53968D0066A9DF = {
			isa = PBXGroup;
			children = (
				968ADD4D1E5F71E200F15735 /* HexTesselation.swift */,
				96E89DD01E5396A80066A9DF /* HexView.swift */,
				96AA7BC21E64EC1400010BD2 /* MasterButton.swift */,
				96E89DBD1E53968D0066A9DF /* HexView */,
				96E89DBC1E53968D0066A9DF /* Products */,
			);
			sourceTree = "<group>";
		};
		96E89DBC1E53968D0066A9DF /* Products */ = {
			isa = PBXGroup;
			children = (
				96E89DBB1E53968D0066A9DF /* HexView.app */,
			);
			name = Products;
			sourceTree = "<group>";
		};
		96E89DBD1E53968D0066A9DF /* HexView */ = {
			isa = PBXGroup;
			children = (
				96E89DBE1E53968D0066A9DF /* AppDelegate.swift */,
				96E89DC01E53968D0066A9DF /* ViewController.swift */,
				96E89DC21E53968D0066A9DF /* Main.storyboard */,
				96E89DC51E53968D0066A9DF /* Assets.xcassets */,
				96E89DC71E53968D0066A9DF /* LaunchScreen.storyboard */,
				96E89DCA1E53968D0066A9DF /* Info.plist */,
			);
			path = HexView;
			sourceTree = "<group>";
		};
/* End PBXGroup section */

/* Begin PBXNativeTarget section */
		96E89DBA1E53968D0066A9DF /* HexView */ = {
			isa = PBXNativeTarget;
			buildConfigurationList = 96E89DCD1E53968D0066A9DF /* Build configuration list for PBXNativeTarget "HexView" */;
			buildPhases = (
				96E89DB71E53968D0066A9DF /* Sources */,
				96E89DB81E53968D0066A9DF /* Frameworks */,
				96E89DB91E53968D0066A9DF /* Resources */,
			);
			buildRules = (
			);
			dependencies = (
			);
			name = HexView;
			productName = HexView;
			productReference = 96E89DBB1E53968D0066A9DF /* HexView.app */;
			productType = "com.apple.product-type.application";
		};
/* End PBXNativeTarget section */

/* Begin PBXProject section */
		96E89DB31E53968D0066A9DF /* Project object */ = {
			isa = PBXProject;
			attributes = {
				LastSwiftUpdateCheck = 0820;
				LastUpgradeCheck = 0820;
				ORGANIZATIONNAME = SsosSoft;
				TargetAttributes = {
					96E89DBA1E53968D0066A9DF = {
						CreatedOnToolsVersion = 8.2.1;
						DevelopmentTeam = U7U4U44M6F;
						ProvisioningStyle = Automatic;
					};
				};
			};
			buildConfigurationList = 96E89DB61E53968D0066A9DF /* Build configuration list for PBXProject "HexView" */;
			compatibilityVersion = "Xcode 3.2";
			developmentRegion = English;
			hasScannedForEncodings = 0;
			knownRegions = (
				en,
				Base,
			);
			mainGroup = 96E89DB21E53968D0066A9DF;
			productRefGroup = 96E89DBC1E53968D0066A9DF /* Products */;
			projectDirPath = "";
			projectRoot = "";
			targets = (
				96E89DBA1E53968D0066A9DF /* HexView */,
			);
		};
/* End PBXProject section */

/* Begin PBXResourcesBuildPhase section */
		96E89DB91E53968D0066A9DF /* Resources */ = {
			isa = PBXResourcesBuildPhase;
			buildActionMask = 2147483647;
			files = (
				96E89DC91E53968D0066A9DF /* LaunchScreen.storyboard in Resources */,
				96E89DC61E53968D0066A9DF /* Assets.xcassets in Resources */,
				96E89DC41E53968D0066A9DF /* Main.storyboard in Resources */,
			);
			runOnlyForDeploymentPostprocessing = 0;
		};
/* End PBXResourcesBuildPhase section */

/* Begin PBXSourcesBuildPhase section */
		96E89DB71E53968D0066A9DF /* Sources */ = {
			isa = PBXSourcesBuildPhase;
			buildActionMask = 2147483647;
			files = (
				96AA7BC31E64EC1400010BD2 /* MasterButton.swift in Sources */,
				96E89DD11E5396A80066A9DF /* HexView.swift in Sources */,
				96E89DC11E53968D0066A9DF /* ViewController.swift in Sources */,
				96E89DBF1E53968D0066A9DF /* AppDelegate.swift in Sources */,
				968ADD4E1E5F71E200F15735 /* HexTesselation.swift in Sources */,
			);
			runOnlyForDeploymentPostprocessing = 0;
		};
/* End PBXSourcesBuildPhase section */

/* Begin PBXVariantGroup section */
		96E89DC21E53968D0066A9DF /* Main.storyboard */ = {
			isa = PBXVariantGroup;
			children = (
				96E89DC31E53968D0066A9DF /* Base */,
			);
			name = Main.storyboard;
			sourceTree = "<group>";
		};
		96E89DC71E53968D0066A9DF /* LaunchScreen.storyboard */ = {
			isa = PBXVariantGroup;
			children = (
				96E89DC81E53968D0066A9DF /* Base */,
			);
			name = LaunchScreen.storyboard;
			sourceTree = "<group>";
		};
/* End PBXVariantGroup section */

/* Begin XCBuildConfiguration section */
		96E89DCB1E53968D0066A9DF /* Debug */ = {
			isa = XCBuildConfiguration;
			buildSettings = {
				ALWAYS_SEARCH_USER_PATHS = NO;
				CLANG_ANALYZER_NONNULL = YES;
				CLANG_CXX_LANGUAGE_STANDARD = "gnu++0x";
				CLANG_CXX_LIBRARY = "libc++";
				CLANG_ENABLE_MODULES = YES;
				CLANG_ENABLE_OBJC_ARC = YES;
				CLANG_WARN_BOOL_CONVERSION = YES;
				CLANG_WARN_CONSTANT_CONVERSION = YES;
				CLANG_WARN_DIRECT_OBJC_ISA_USAGE = YES_ERROR;
				CLANG_WARN_DOCUMENTATION_COMMENTS = YES;
				CLANG_WARN_EMPTY_BODY = YES;
				CLANG_WARN_ENUM_CONVERSION = YES;
				CLANG_WARN_INFINITE_RECURSION = YES;
				CLANG_WARN_INT_CONVERSION = YES;
				CLANG_WARN_OBJC_ROOT_CLASS = YES_ERROR;
				CLANG_WARN_SUSPICIOUS_MOVE = YES;
				CLANG_WARN_UNREACHABLE_CODE = YES;
				CLANG_WARN__DUPLICATE_METHOD_MATCH = YES;
				"CODE_SIGN_IDENTITY[sdk=iphoneos*]" = "iPhone Developer";
				COPY_PHASE_STRIP = NO;
				DEBUG_INFORMATION_FORMAT = dwarf;
				ENABLE_STRICT_OBJC_MSGSEND = YES;
				ENABLE_TESTABILITY = YES;
				GCC_C_LANGUAGE_STANDARD = gnu99;
				GCC_DYNAMIC_NO_PIC = NO;
				GCC_NO_COMMON_BLOCKS = YES;
				GCC_OPTIMIZATION_LEVEL = 0;
				GCC_PREPROCESSOR_DEFINITIONS = (
					"DEBUG=1",
					"$(inherited)",
				);
				GCC_WARN_64_TO_32_BIT_CONVERSION = YES;
				GCC_WARN_ABOUT_RETURN_TYPE = YES_ERROR;
				GCC_WARN_UNDECLARED_SELECTOR = YES;
				GCC_WARN_UNINITIALIZED_AUTOS = YES_AGGRESSIVE;
				GCC_WARN_UNUSED_FUNCTION = YES;
				GCC_WARN_UNUSED_VARIABLE = YES;
				IPHONEOS_DEPLOYMENT_TARGET = 10.2;
				MTL_ENABLE_DEBUG_INFO = YES;
				ONLY_ACTIVE_ARCH = YES;
				SDKROOT = iphoneos;
				SWIFT_ACTIVE_COMPILATION_CONDITIONS = DEBUG;
				SWIFT_OPTIMIZATION_LEVEL = "-Onone";
			};
			name = Debug;
		};
		96E89DCC1E53968D0066A9DF /* Release */ = {
			isa = XCBuildConfiguration;
			buildSettings = {
				ALWAYS_SEARCH_USER_PATHS = NO;
				CLANG_ANALYZER_NONNULL = YES;
				CLANG_CXX_LANGUAGE_STANDARD = "gnu++0x";
				CLANG_CXX_LIBRARY = "libc++";
				CLANG_ENABLE_MODULES = YES;
				CLANG_ENABLE_OBJC_ARC = YES;
				CLANG_WARN_BOOL_CONVERSION = YES;
				CLANG_WARN_CONSTANT_CONVERSION = YES;
				CLANG_WARN_DIRECT_OBJC_ISA_USAGE = YES_ERROR;
				CLANG_WARN_DOCUMENTATION_COMMENTS = YES;
				CLANG_WARN_EMPTY_BODY = YES;
				CLANG_WARN_ENUM_CONVERSION = YES;
				CLANG_WARN_INFINITE_RECURSION = YES;
				CLANG_WARN_INT_CONVERSION = YES;
				CLANG_WARN_OBJC_ROOT_CLASS = YES_ERROR;
				CLANG_WARN_SUSPICIOUS_MOVE = YES;
				CLANG_WARN_UNREACHABLE_CODE = YES;
				CLANG_WARN__DUPLICATE_METHOD_MATCH = YES;
				"CODE_SIGN_IDENTITY[sdk=iphoneos*]" = "iPhone Developer";
				COPY_PHASE_STRIP = NO;
				DEBUG_INFORMATION_FORMAT = "dwarf-with-dsym";
				ENABLE_NS_ASSERTIONS = NO;
				ENABLE_STRICT_OBJC_MSGSEND = YES;
				GCC_C_LANGUAGE_STANDARD = gnu99;
				GCC_NO_COMMON_BLOCKS = YES;
				GCC_WARN_64_TO_32_BIT_CONVERSION = YES;
				GCC_WARN_ABOUT_RETURN_TYPE = YES_ERROR;
				GCC_WARN_UNDECLARED_SELECTOR = YES;
				GCC_WARN_UNINITIALIZED_AUTOS = YES_AGGRESSIVE;
				GCC_WARN_UNUSED_FUNCTION = YES;
				GCC_WARN_UNUSED_VARIABLE = YES;
				IPHONEOS_DEPLOYMENT_TARGET = 10.2;
				MTL_ENABLE_DEBUG_INFO = NO;
				SDKROOT = iphoneos;
				SWIFT_OPTIMIZATION_LEVEL = "-Owholemodule";
				VALIDATE_PRODUCT = YES;
			};
			name = Release;
		};
		96E89DCE1E53968D0066A9DF /* Debug */ = {
			isa = XCBuildConfiguration;
			buildSettings = {
				ASSETCATALOG_COMPILER_APPICON_NAME = AppIcon;
				DEVELOPMENT_TEAM = U7U4U44M6F;
				INFOPLIST_FILE = HexView/Info.plist;
				LD_RUNPATH_SEARCH_PATHS = "$(inherited) @executable_path/Frameworks";
				PRODUCT_BUNDLE_IDENTIFIER = com.Ssos.HexView;
				PRODUCT_NAME = "$(TARGET_NAME)";
				SWIFT_VERSION = 3.0;
			};
			name = Debug;
		};
		96E89DCF1E53968D0066A9DF /* Release */ = {
			isa = XCBuildConfiguration;
			buildSettings = {
				ASSETCATALOG_COMPILER_APPICON_NAME = AppIcon;
				DEVELOPMENT_TEAM = U7U4U44M6F;
				INFOPLIST_FILE = HexView/Info.plist;
				LD_RUNPATH_SEARCH_PATHS = "$(inherited) @executable_path/Frameworks";
				PRODUCT_BUNDLE_IDENTIFIER = com.Ssos.HexView;
				PRODUCT_NAME = "$(TARGET_NAME)";
				SWIFT_VERSION = 3.0;
			};
			name = Release;
		};
/* End XCBuildConfiguration section */

/* Begin XCConfigurationList section */
		96E89DB61E53968D0066A9DF /* Build configuration list for PBXProject "HexView" */ = {
			isa = XCConfigurationList;
			buildConfigurations = (
				96E89DCB1E53968D0066A9DF /* Debug */,
				96E89DCC1E53968D0066A9DF /* Release */,
			);
			defaultConfigurationIsVisible = 0;
			defaultConfigurationName = Release;
		};
		96E89DCD1E53968D0066A9DF /* Build configuration list for PBXNativeTarget "HexView" */ = {
			isa = XCConfigurationList;
			buildConfigurations = (
				96E89DCE1E53968D0066A9DF /* Debug */,
				96E89DCF1E53968D0066A9DF /* Release */,
			);
			defaultConfigurationIsVisible = 0;
			defaultConfigurationName = Release;
		};
/* End XCConfigurationList section */
	};
	rootObject = 96E89DB31E53968D0066A9DF /* Project object */;
}
